
Microsoft Visual Studio Solution File, Format Version 12.00
# Visual Studio Version 16
VisualStudioVersion = 16.0.32510.428
MinimumVisualStudioVersion = 10.0.40219.1
Project("{9A19103F-16F7-4668-BE54-9A1E7A4F7556}") = "WindowsFormApp", "WindowsFormApp\WindowsFormApp.csproj", "{2BE72447-F17A-4F71-AA79-D43DF80A9AC6}"
EndProject
Project("{9A19103F-16F7-4668-BE54-9A1E7A4F7556}") = "Context", "SharedClass\Context.csproj", "{A539F5D3-118F-4556-BD72-9887CDF5F1D8}"
EndProject
Project("{9A19103F-16F7-4668-BE54-9A1E7A4F7556}") = "ChessTournament", "ChessTournament\ChessTournament.csproj", "{19E2E342-5D49-4EF7-A116-1812C0D5CFAE}"
EndProject
Global
	GlobalSection(SolutionConfigurationPlatforms) = preSolution
		Debug|Any CPU = Debug|Any CPU
		Release|Any CPU = Release|Any CPU
	EndGlobalSection
	GlobalSection(ProjectConfigurationPlatforms) = postSolution
		{2BE72447-F17A-4F71-AA79-D43DF80A9AC6}.Debug|Any CPU.ActiveCfg = Debug|Any CPU
		{2BE72447-F17A-4F71-AA79-D43DF80A9AC6}.Debug|Any CPU.Build.0 = Debug|Any CPU
		{2BE72447-F17A-4F71-AA79-D43DF80A9AC6}.Release|Any CPU.ActiveCfg = Release|Any CPU
		{2BE72447-F17A-4F71-AA79-D43DF80A9AC6}.Release|Any CPU.Build.0 = Release|Any CPU
		{A539F5D3-118F-4556-BD72-9887CDF5F1D8}.Debug|Any CPU.ActiveCfg = Debug|Any CPU
		{A539F5D3-118F-4556-BD72-9887CDF5F1D8}.Debug|Any CPU.Build.0 = Debug|Any CPU
		{A539F5D3-118F-4556-BD72-9887CDF5F1D8}.Release|Any CPU.ActiveCfg = Release|Any CPU
		{A539F5D3-118F-4556-BD72-9887CDF5F1D8}.Release|Any CPU.Build.0 = Release|Any CPU
		{19E2E342-5D49-4EF7-A116-1812C0D5CFAE}.Debug|Any CPU.ActiveCfg = Debug|Any CPU
		{19E2E342-5D49-4EF7-A116-1812C0D5CFAE}.Debug|Any CPU.Build.0 = Debug|Any CPU
		{19E2E342-5D49-4EF7-A116-1812C0D5CFAE}.Release|Any CPU.ActiveCfg = Release|Any CPU
		{19E2E342-5D49-4EF7-A116-1812C0D5CFAE}.Release|Any CPU.Build.0 = Release|Any CPU
	EndGlobalSection
	GlobalSection(SolutionProperties) = preSolution
		HideSolutionNode = FALSE
	EndGlobalSection
	GlobalSection(ExtensibilityGlobals) = postSolution
		SolutionGuid = {BF2F7AB0-5A1A-47DE-A0F2-13249B74A8F4}
	EndGlobalSection
EndGlobal
